// !$*UTF8*$!
{
	archiveVersion = 1;
	classes = {
	};
	objectVersion = 50;
	objects = {

/* Begin PBXBuildFile section */
		6B23458B23D00E2900B9F833 /* HomeViewController.swift in Sources */ = {isa = PBXBuildFile; fileRef = 6B23458A23D00E2900B9F833 /* HomeViewController.swift */; };
		6B23459023E10D9B00B9F833 /* NetworkProcessor.swift in Sources */ = {isa = PBXBuildFile; fileRef = 6B23458F23E10D9B00B9F833 /* NetworkProcessor.swift */; };
		6B23459223E1114D00B9F833 /* UserService.swift in Sources */ = {isa = PBXBuildFile; fileRef = 6B23459123E1114D00B9F833 /* UserService.swift */; };
		6B23459423E1124C00B9F833 /* UserInfo.swift in Sources */ = {isa = PBXBuildFile; fileRef = 6B23459323E1124C00B9F833 /* UserInfo.swift */; };
		6B23459623E1243A00B9F833 /* LoginViewController.swift in Sources */ = {isa = PBXBuildFile; fileRef = 6B23459523E1243A00B9F833 /* LoginViewController.swift */; };
		6B23459D23E915FB00B9F833 /* UserHelper.swift in Sources */ = {isa = PBXBuildFile; fileRef = 6B23459C23E915FB00B9F833 /* UserHelper.swift */; };
		6B2345A023EA511400B9F833 /* SongSearchCell.swift in Sources */ = {isa = PBXBuildFile; fileRef = 6B23459F23EA511400B9F833 /* SongSearchCell.swift */; };
		6B2345A223EA5B1200B9F833 /* SongService.swift in Sources */ = {isa = PBXBuildFile; fileRef = 6B2345A123EA5B1200B9F833 /* SongService.swift */; };
		6B2345A423EA5CE800B9F833 /* SongInfo.swift in Sources */ = {isa = PBXBuildFile; fileRef = 6B2345A323EA5CE800B9F833 /* SongInfo.swift */; };
		6B2345A623EBB9A400B9F833 /* PlayerViewController.swift in Sources */ = {isa = PBXBuildFile; fileRef = 6B2345A523EBB9A400B9F833 /* PlayerViewController.swift */; };
		6B445DD62384B9E3005413EB /* AppDelegate.swift in Sources */ = {isa = PBXBuildFile; fileRef = 6B445DD52384B9E3005413EB /* AppDelegate.swift */; };
		6B445DD82384B9E3005413EB /* SceneDelegate.swift in Sources */ = {isa = PBXBuildFile; fileRef = 6B445DD72384B9E3005413EB /* SceneDelegate.swift */; };
		6B445DDD2384B9E3005413EB /* Main.storyboard in Resources */ = {isa = PBXBuildFile; fileRef = 6B445DDB2384B9E3005413EB /* Main.storyboard */; };
		6B445DDF2384B9E4005413EB /* Assets.xcassets in Resources */ = {isa = PBXBuildFile; fileRef = 6B445DDE2384B9E4005413EB /* Assets.xcassets */; };
		6B445DE22384B9E4005413EB /* LaunchScreen.storyboard in Resources */ = {isa = PBXBuildFile; fileRef = 6B445DE02384B9E4005413EB /* LaunchScreen.storyboard */; };
		6B445DED2384B9E4005413EB /* SpotifyAPITestTests.swift in Sources */ = {isa = PBXBuildFile; fileRef = 6B445DEC2384B9E4005413EB /* SpotifyAPITestTests.swift */; };
		6B445DF82384B9E4005413EB /* SpotifyAPITestUITests.swift in Sources */ = {isa = PBXBuildFile; fileRef = 6B445DF72384B9E4005413EB /* SpotifyAPITestUITests.swift */; };
		6BC21F0723F249FA00931844 /* Variables.swift in Sources */ = {isa = PBXBuildFile; fileRef = 6BC21F0623F249FA00931844 /* Variables.swift */; };
		6BC21F0923F8657100931844 /* ProfileViewController.swift in Sources */ = {isa = PBXBuildFile; fileRef = 6BC21F0823F8657100931844 /* ProfileViewController.swift */; };
		6BC21F0B23F8689F00931844 /* ProfileCellCollectionViewCell.swift in Sources */ = {isa = PBXBuildFile; fileRef = 6BC21F0A23F8689F00931844 /* ProfileCellCollectionViewCell.swift */; };
		6BC21F0D23F8788600931844 /* DeveloperSettingsViewController.swift in Sources */ = {isa = PBXBuildFile; fileRef = 6BC21F0C23F8788600931844 /* DeveloperSettingsViewController.swift */; };
		6BC21F11240C0CEC00931844 /* FeedViewController.swift in Sources */ = {isa = PBXBuildFile; fileRef = 6BC21F10240C0CEC00931844 /* FeedViewController.swift */; };
		6BC21F13240C0D7300931844 /* FollowService.swift in Sources */ = {isa = PBXBuildFile; fileRef = 6BC21F12240C0D7300931844 /* FollowService.swift */; };
		6BC21F15240C115300931844 /* SongFeedCell.swift in Sources */ = {isa = PBXBuildFile; fileRef = 6BC21F14240C115300931844 /* SongFeedCell.swift */; };
/* End PBXBuildFile section */

/* Begin PBXContainerItemProxy section */
		6B445DE92384B9E4005413EB /* PBXContainerItemProxy */ = {
			isa = PBXContainerItemProxy;
			containerPortal = 6B445DCA2384B9E3005413EB /* Project object */;
			proxyType = 1;
			remoteGlobalIDString = 6B445DD12384B9E3005413EB;
			remoteInfo = SpotifyAPITest;
		};
		6B445DF42384B9E4005413EB /* PBXContainerItemProxy */ = {
			isa = PBXContainerItemProxy;
			containerPortal = 6B445DCA2384B9E3005413EB /* Project object */;
			proxyType = 1;
			remoteGlobalIDString = 6B445DD12384B9E3005413EB;
			remoteInfo = SpotifyAPITest;
		};
/* End PBXContainerItemProxy section */

/* Begin PBXFileReference section */
		6B23458A23D00E2900B9F833 /* HomeViewController.swift */ = {isa = PBXFileReference; lastKnownFileType = sourcecode.swift; path = HomeViewController.swift; sourceTree = "<group>"; };
		6B23458F23E10D9B00B9F833 /* NetworkProcessor.swift */ = {isa = PBXFileReference; lastKnownFileType = sourcecode.swift; path = NetworkProcessor.swift; sourceTree = "<group>"; };
		6B23459123E1114D00B9F833 /* UserService.swift */ = {isa = PBXFileReference; lastKnownFileType = sourcecode.swift; path = UserService.swift; sourceTree = "<group>"; };
		6B23459323E1124C00B9F833 /* UserInfo.swift */ = {isa = PBXFileReference; lastKnownFileType = sourcecode.swift; path = UserInfo.swift; sourceTree = "<group>"; };
		6B23459523E1243A00B9F833 /* LoginViewController.swift */ = {isa = PBXFileReference; lastKnownFileType = sourcecode.swift; path = LoginViewController.swift; sourceTree = "<group>"; };
		6B23459C23E915FB00B9F833 /* UserHelper.swift */ = {isa = PBXFileReference; lastKnownFileType = sourcecode.swift; path = UserHelper.swift; sourceTree = "<group>"; };
		6B23459F23EA511400B9F833 /* SongSearchCell.swift */ = {isa = PBXFileReference; lastKnownFileType = sourcecode.swift; path = SongSearchCell.swift; sourceTree = "<group>"; };
		6B2345A123EA5B1200B9F833 /* SongService.swift */ = {isa = PBXFileReference; lastKnownFileType = sourcecode.swift; path = SongService.swift; sourceTree = "<group>"; };
		6B2345A323EA5CE800B9F833 /* SongInfo.swift */ = {isa = PBXFileReference; lastKnownFileType = sourcecode.swift; path = SongInfo.swift; sourceTree = "<group>"; };
		6B2345A523EBB9A400B9F833 /* PlayerViewController.swift */ = {isa = PBXFileReference; lastKnownFileType = sourcecode.swift; path = PlayerViewController.swift; sourceTree = "<group>"; };
		6B445DD22384B9E3005413EB /* SpotifyAPITest.app */ = {isa = PBXFileReference; explicitFileType = wrapper.application; includeInIndex = 0; path = SpotifyAPITest.app; sourceTree = BUILT_PRODUCTS_DIR; };
		6B445DD52384B9E3005413EB /* AppDelegate.swift */ = {isa = PBXFileReference; lastKnownFileType = sourcecode.swift; path = AppDelegate.swift; sourceTree = "<group>"; };
		6B445DD72384B9E3005413EB /* SceneDelegate.swift */ = {isa = PBXFileReference; lastKnownFileType = sourcecode.swift; path = SceneDelegate.swift; sourceTree = "<group>"; };
		6B445DDC2384B9E3005413EB /* Base */ = {isa = PBXFileReference; lastKnownFileType = file.storyboard; name = Base; path = Base.lproj/Main.storyboard; sourceTree = "<group>"; };
		6B445DDE2384B9E4005413EB /* Assets.xcassets */ = {isa = PBXFileReference; lastKnownFileType = folder.assetcatalog; path = Assets.xcassets; sourceTree = "<group>"; };
		6B445DE12384B9E4005413EB /* Base */ = {isa = PBXFileReference; lastKnownFileType = file.storyboard; name = Base; path = Base.lproj/LaunchScreen.storyboard; sourceTree = "<group>"; };
		6B445DE32384B9E4005413EB /* Info.plist */ = {isa = PBXFileReference; lastKnownFileType = text.plist.xml; path = Info.plist; sourceTree = "<group>"; };
		6B445DE82384B9E4005413EB /* SpotifyAPITestTests.xctest */ = {isa = PBXFileReference; explicitFileType = wrapper.cfbundle; includeInIndex = 0; path = SpotifyAPITestTests.xctest; sourceTree = BUILT_PRODUCTS_DIR; };
		6B445DEC2384B9E4005413EB /* SpotifyAPITestTests.swift */ = {isa = PBXFileReference; lastKnownFileType = sourcecode.swift; path = SpotifyAPITestTests.swift; sourceTree = "<group>"; };
		6B445DEE2384B9E4005413EB /* Info.plist */ = {isa = PBXFileReference; lastKnownFileType = text.plist.xml; path = Info.plist; sourceTree = "<group>"; };
		6B445DF32384B9E4005413EB /* SpotifyAPITestUITests.xctest */ = {isa = PBXFileReference; explicitFileType = wrapper.cfbundle; includeInIndex = 0; path = SpotifyAPITestUITests.xctest; sourceTree = BUILT_PRODUCTS_DIR; };
		6B445DF72384B9E4005413EB /* SpotifyAPITestUITests.swift */ = {isa = PBXFileReference; lastKnownFileType = sourcecode.swift; path = SpotifyAPITestUITests.swift; sourceTree = "<group>"; };
		6B445DF92384B9E4005413EB /* Info.plist */ = {isa = PBXFileReference; lastKnownFileType = text.plist.xml; path = Info.plist; sourceTree = "<group>"; };
		6BC21F0623F249FA00931844 /* Variables.swift */ = {isa = PBXFileReference; lastKnownFileType = sourcecode.swift; path = Variables.swift; sourceTree = "<group>"; };
		6BC21F0823F8657100931844 /* ProfileViewController.swift */ = {isa = PBXFileReference; lastKnownFileType = sourcecode.swift; path = ProfileViewController.swift; sourceTree = "<group>"; };
		6BC21F0A23F8689F00931844 /* ProfileCellCollectionViewCell.swift */ = {isa = PBXFileReference; lastKnownFileType = sourcecode.swift; path = ProfileCellCollectionViewCell.swift; sourceTree = "<group>"; };
		6BC21F0C23F8788600931844 /* DeveloperSettingsViewController.swift */ = {isa = PBXFileReference; lastKnownFileType = sourcecode.swift; path = DeveloperSettingsViewController.swift; sourceTree = "<group>"; };
		6BC21F10240C0CEC00931844 /* FeedViewController.swift */ = {isa = PBXFileReference; lastKnownFileType = sourcecode.swift; path = FeedViewController.swift; sourceTree = "<group>"; };
		6BC21F12240C0D7300931844 /* FollowService.swift */ = {isa = PBXFileReference; lastKnownFileType = sourcecode.swift; path = FollowService.swift; sourceTree = "<group>"; };
		6BC21F14240C115300931844 /* SongFeedCell.swift */ = {isa = PBXFileReference; lastKnownFileType = sourcecode.swift; path = SongFeedCell.swift; sourceTree = "<group>"; };
/* End PBXFileReference section */

/* Begin PBXFrameworksBuildPhase section */
		6B445DCF2384B9E3005413EB /* Frameworks */ = {
			isa = PBXFrameworksBuildPhase;
			buildActionMask = 2147483647;
			files = (
			);
			runOnlyForDeploymentPostprocessing = 0;
		};
		6B445DE52384B9E4005413EB /* Frameworks */ = {
			isa = PBXFrameworksBuildPhase;
			buildActionMask = 2147483647;
			files = (
			);
			runOnlyForDeploymentPostprocessing = 0;
		};
		6B445DF02384B9E4005413EB /* Frameworks */ = {
			isa = PBXFrameworksBuildPhase;
			buildActionMask = 2147483647;
			files = (
			);
			runOnlyForDeploymentPostprocessing = 0;
		};
/* End PBXFrameworksBuildPhase section */

/* Begin PBXGroup section */
		6B11A3D723A6B30B000AE918 /* ViewControllers */ = {
			isa = PBXGroup;
			children = (
				6B23458A23D00E2900B9F833 /* HomeViewController.swift */,
				6B23459523E1243A00B9F833 /* LoginViewController.swift */,
				6B2345A523EBB9A400B9F833 /* PlayerViewController.swift */,
				6BC21F0823F8657100931844 /* ProfileViewController.swift */,
				6BC21F0C23F8788600931844 /* DeveloperSettingsViewController.swift */,
				6BC21F10240C0CEC00931844 /* FeedViewController.swift */,
			);
			path = ViewControllers;
			sourceTree = "<group>";
		};
		6B23458E23E10D6B00B9F833 /* Model */ = {
			isa = PBXGroup;
			children = (
				6B23458F23E10D9B00B9F833 /* NetworkProcessor.swift */,
				6B23459123E1114D00B9F833 /* UserService.swift */,
				6B23459323E1124C00B9F833 /* UserInfo.swift */,
				6B2345A123EA5B1200B9F833 /* SongService.swift */,
				6B2345A323EA5CE800B9F833 /* SongInfo.swift */,
				6BC21F12240C0D7300931844 /* FollowService.swift */,
			);
			path = Model;
			sourceTree = "<group>";
		};
		6B23459B23E915E500B9F833 /* Helpers */ = {
			isa = PBXGroup;
			children = (
				6B23459C23E915FB00B9F833 /* UserHelper.swift */,
			);
			path = Helpers;
			sourceTree = "<group>";
		};
		6B23459E23EA50C900B9F833 /* Cells */ = {
			isa = PBXGroup;
			children = (
				6B23459F23EA511400B9F833 /* SongSearchCell.swift */,
				6BC21F0A23F8689F00931844 /* ProfileCellCollectionViewCell.swift */,
				6BC21F14240C115300931844 /* SongFeedCell.swift */,
			);
			path = Cells;
			sourceTree = "<group>";
		};
		6B445DC92384B9E3005413EB = {
			isa = PBXGroup;
			children = (
				6B445DD42384B9E3005413EB /* SpotifyAPITest */,
				6B445DEB2384B9E4005413EB /* SpotifyAPITestTests */,
				6B445DF62384B9E4005413EB /* SpotifyAPITestUITests */,
				6B445DD32384B9E3005413EB /* Products */,
			);
			sourceTree = "<group>";
		};
		6B445DD32384B9E3005413EB /* Products */ = {
			isa = PBXGroup;
			children = (
				6B445DD22384B9E3005413EB /* SpotifyAPITest.app */,
				6B445DE82384B9E4005413EB /* SpotifyAPITestTests.xctest */,
				6B445DF32384B9E4005413EB /* SpotifyAPITestUITests.xctest */,
			);
			name = Products;
			sourceTree = "<group>";
		};
		6B445DD42384B9E3005413EB /* SpotifyAPITest */ = {
			isa = PBXGroup;
			children = (
				6B23459E23EA50C900B9F833 /* Cells */,
				6B23459B23E915E500B9F833 /* Helpers */,
				6B23458E23E10D6B00B9F833 /* Model */,
				6B11A3D723A6B30B000AE918 /* ViewControllers */,
				6B445DD52384B9E3005413EB /* AppDelegate.swift */,
				6B445DD72384B9E3005413EB /* SceneDelegate.swift */,
				6B445DDB2384B9E3005413EB /* Main.storyboard */,
				6B445DDE2384B9E4005413EB /* Assets.xcassets */,
				6B445DE02384B9E4005413EB /* LaunchScreen.storyboard */,
				6B445DE32384B9E4005413EB /* Info.plist */,
				6BC21F0623F249FA00931844 /* Variables.swift */,
			);
			path = SpotifyAPITest;
			sourceTree = "<group>";
		};
		6B445DEB2384B9E4005413EB /* SpotifyAPITestTests */ = {
			isa = PBXGroup;
			children = (
				6B445DEC2384B9E4005413EB /* SpotifyAPITestTests.swift */,
				6B445DEE2384B9E4005413EB /* Info.plist */,
			);
			path = SpotifyAPITestTests;
			sourceTree = "<group>";
		};
		6B445DF62384B9E4005413EB /* SpotifyAPITestUITests */ = {
			isa = PBXGroup;
			children = (
				6B445DF72384B9E4005413EB /* SpotifyAPITestUITests.swift */,
				6B445DF92384B9E4005413EB /* Info.plist */,
			);
			path = SpotifyAPITestUITests;
			sourceTree = "<group>";
		};
/* End PBXGroup section */

/* Begin PBXNativeTarget section */
		6B445DD12384B9E3005413EB /* SpotifyAPITest */ = {
			isa = PBXNativeTarget;
			buildConfigurationList = 6B445DFC2384B9E4005413EB /* Build configuration list for PBXNativeTarget "SpotifyAPITest" */;
			buildPhases = (
				6B445DCE2384B9E3005413EB /* Sources */,
				6B445DCF2384B9E3005413EB /* Frameworks */,
				6B445DD02384B9E3005413EB /* Resources */,
			);
			buildRules = (
			);
			dependencies = (
			);
			name = SpotifyAPITest;
			productName = SpotifyAPITest;
			productReference = 6B445DD22384B9E3005413EB /* SpotifyAPITest.app */;
			productType = "com.apple.product-type.application";
		};
		6B445DE72384B9E4005413EB /* SpotifyAPITestTests */ = {
			isa = PBXNativeTarget;
			buildConfigurationList = 6B445DFF2384B9E4005413EB /* Build configuration list for PBXNativeTarget "SpotifyAPITestTests" */;
			buildPhases = (
				6B445DE42384B9E4005413EB /* Sources */,
				6B445DE52384B9E4005413EB /* Frameworks */,
				6B445DE62384B9E4005413EB /* Resources */,
			);
			buildRules = (
			);
			dependencies = (
				6B445DEA2384B9E4005413EB /* PBXTargetDependency */,
			);
			name = SpotifyAPITestTests;
			productName = SpotifyAPITestTests;
			productReference = 6B445DE82384B9E4005413EB /* SpotifyAPITestTests.xctest */;
			productType = "com.apple.product-type.bundle.unit-test";
		};
		6B445DF22384B9E4005413EB /* SpotifyAPITestUITests */ = {
			isa = PBXNativeTarget;
			buildConfigurationList = 6B445E022384B9E4005413EB /* Build configuration list for PBXNativeTarget "SpotifyAPITestUITests" */;
			buildPhases = (
				6B445DEF2384B9E4005413EB /* Sources */,
				6B445DF02384B9E4005413EB /* Frameworks */,
				6B445DF12384B9E4005413EB /* Resources */,
			);
			buildRules = (
			);
			dependencies = (
				6B445DF52384B9E4005413EB /* PBXTargetDependency */,
			);
			name = SpotifyAPITestUITests;
			productName = SpotifyAPITestUITests;
			productReference = 6B445DF32384B9E4005413EB /* SpotifyAPITestUITests.xctest */;
			productType = "com.apple.product-type.bundle.ui-testing";
		};
/* End PBXNativeTarget section */

/* Begin PBXProject section */
		6B445DCA2384B9E3005413EB /* Project object */ = {
			isa = PBXProject;
			attributes = {
				LastSwiftUpdateCheck = 1120;
				LastUpgradeCheck = 1120;
				ORGANIZATIONNAME = "Ryan Malone";
				TargetAttributes = {
					6B445DD12384B9E3005413EB = {
						CreatedOnToolsVersion = 11.2;
					};
					6B445DE72384B9E4005413EB = {
						CreatedOnToolsVersion = 11.2;
						TestTargetID = 6B445DD12384B9E3005413EB;
					};
					6B445DF22384B9E4005413EB = {
						CreatedOnToolsVersion = 11.2;
						TestTargetID = 6B445DD12384B9E3005413EB;
					};
				};
			};
			buildConfigurationList = 6B445DCD2384B9E3005413EB /* Build configuration list for PBXProject "SpotifyAPITest" */;
			compatibilityVersion = "Xcode 9.3";
			developmentRegion = en;
			hasScannedForEncodings = 0;
			knownRegions = (
				en,
				Base,
			);
			mainGroup = 6B445DC92384B9E3005413EB;
			productRefGroup = 6B445DD32384B9E3005413EB /* Products */;
			projectDirPath = "";
			projectRoot = "";
			targets = (
				6B445DD12384B9E3005413EB /* SpotifyAPITest */,
				6B445DE72384B9E4005413EB /* SpotifyAPITestTests */,
				6B445DF22384B9E4005413EB /* SpotifyAPITestUITests */,
			);
		};
/* End PBXProject section */

/* Begin PBXResourcesBuildPhase section */
		6B445DD02384B9E3005413EB /* Resources */ = {
			isa = PBXResourcesBuildPhase;
			buildActionMask = 2147483647;
			files = (
				6B445DE22384B9E4005413EB /* LaunchScreen.storyboard in Resources */,
				6B445DDF2384B9E4005413EB /* Assets.xcassets in Resources */,
				6B445DDD2384B9E3005413EB /* Main.storyboard in Resources */,
			);
			runOnlyForDeploymentPostprocessing = 0;
		};
		6B445DE62384B9E4005413EB /* Resources */ = {
			isa = PBXResourcesBuildPhase;
			buildActionMask = 2147483647;
			files = (
			);
			runOnlyForDeploymentPostprocessing = 0;
		};
		6B445DF12384B9E4005413EB /* Resources */ = {
			isa = PBXResourcesBuildPhase;
			buildActionMask = 2147483647;
			files = (
			);
			runOnlyForDeploymentPostprocessing = 0;
		};
/* End PBXResourcesBuildPhase section */

/* Begin PBXSourcesBuildPhase section */
		6B445DCE2384B9E3005413EB /* Sources */ = {
			isa = PBXSourcesBuildPhase;
			buildActionMask = 2147483647;
			files = (
				6B2345A223EA5B1200B9F833 /* SongService.swift in Sources */,
				6BC21F15240C115300931844 /* SongFeedCell.swift in Sources */,
				6B2345A423EA5CE800B9F833 /* SongInfo.swift in Sources */,
				6B23459623E1243A00B9F833 /* LoginViewController.swift in Sources */,
				6B23459223E1114D00B9F833 /* UserService.swift in Sources */,
				6BC21F0923F8657100931844 /* ProfileViewController.swift in Sources */,
				6B23459D23E915FB00B9F833 /* UserHelper.swift in Sources */,
				6BC21F0D23F8788600931844 /* DeveloperSettingsViewController.swift in Sources */,
				6B2345A623EBB9A400B9F833 /* PlayerViewController.swift in Sources */,
				6BC21F0B23F8689F00931844 /* ProfileCellCollectionViewCell.swift in Sources */,
				6BC21F11240C0CEC00931844 /* FeedViewController.swift in Sources */,
				6BC21F0723F249FA00931844 /* Variables.swift in Sources */,
				6B23458B23D00E2900B9F833 /* HomeViewController.swift in Sources */,
				6BC21F13240C0D7300931844 /* FollowService.swift in Sources */,
				6B2345A023EA511400B9F833 /* SongSearchCell.swift in Sources */,
				6B23459423E1124C00B9F833 /* UserInfo.swift in Sources */,
				6B23459023E10D9B00B9F833 /* NetworkProcessor.swift in Sources */,
				6B445DD62384B9E3005413EB /* AppDelegate.swift in Sources */,
				6B445DD82384B9E3005413EB /* SceneDelegate.swift in Sources */,
			);
			runOnlyForDeploymentPostprocessing = 0;
		};
		6B445DE42384B9E4005413EB /* Sources */ = {
			isa = PBXSourcesBuildPhase;
			buildActionMask = 2147483647;
			files = (
				6B445DED2384B9E4005413EB /* SpotifyAPITestTests.swift in Sources */,
			);
			runOnlyForDeploymentPostprocessing = 0;
		};
		6B445DEF2384B9E4005413EB /* Sources */ = {
			isa = PBXSourcesBuildPhase;
			buildActionMask = 2147483647;
			files = (
				6B445DF82384B9E4005413EB /* SpotifyAPITestUITests.swift in Sources */,
			);
			runOnlyForDeploymentPostprocessing = 0;
		};
/* End PBXSourcesBuildPhase section */

/* Begin PBXTargetDependency section */
		6B445DEA2384B9E4005413EB /* PBXTargetDependency */ = {
			isa = PBXTargetDependency;
			target = 6B445DD12384B9E3005413EB /* SpotifyAPITest */;
			targetProxy = 6B445DE92384B9E4005413EB /* PBXContainerItemProxy */;
		};
		6B445DF52384B9E4005413EB /* PBXTargetDependency */ = {
			isa = PBXTargetDependency;
			target = 6B445DD12384B9E3005413EB /* SpotifyAPITest */;
			targetProxy = 6B445DF42384B9E4005413EB /* PBXContainerItemProxy */;
		};
/* End PBXTargetDependency section */

/* Begin PBXVariantGroup section */
		6B445DDB2384B9E3005413EB /* Main.storyboard */ = {
			isa = PBXVariantGroup;
			children = (
				6B445DDC2384B9E3005413EB /* Base */,
			);
			name = Main.storyboard;
			sourceTree = "<group>";
		};
		6B445DE02384B9E4005413EB /* LaunchScreen.storyboard */ = {
			isa = PBXVariantGroup;
			children = (
				6B445DE12384B9E4005413EB /* Base */,
			);
			name = LaunchScreen.storyboard;
			sourceTree = "<group>";
		};
/* End PBXVariantGroup section */

/* Begin XCBuildConfiguration section */
		6B445DFA2384B9E4005413EB /* Debug */ = {
			isa = XCBuildConfiguration;
			buildSettings = {
				ALWAYS_SEARCH_USER_PATHS = NO;
				CLANG_ANALYZER_NONNULL = YES;
				CLANG_ANALYZER_NUMBER_OBJECT_CONVERSION = YES_AGGRESSIVE;
				CLANG_CXX_LANGUAGE_STANDARD = "gnu++14";
				CLANG_CXX_LIBRARY = "libc++";
				CLANG_ENABLE_MODULES = YES;
				CLANG_ENABLE_OBJC_ARC = YES;
				CLANG_ENABLE_OBJC_WEAK = YES;
				CLANG_WARN_BLOCK_CAPTURE_AUTORELEASING = YES;
				CLANG_WARN_BOOL_CONVERSION = YES;
				CLANG_WARN_COMMA = YES;
				CLANG_WARN_CONSTANT_CONVERSION = YES;
				CLANG_WARN_DEPRECATED_OBJC_IMPLEMENTATIONS = YES;
				CLANG_WARN_DIRECT_OBJC_ISA_USAGE = YES_ERROR;
				CLANG_WARN_DOCUMENTATION_COMMENTS = YES;
				CLANG_WARN_EMPTY_BODY = YES;
				CLANG_WARN_ENUM_CONVERSION = YES;
				CLANG_WARN_INFINITE_RECURSION = YES;
				CLANG_WARN_INT_CONVERSION = YES;
				CLANG_WARN_NON_LITERAL_NULL_CONVERSION = YES;
				CLANG_WARN_OBJC_IMPLICIT_RETAIN_SELF = YES;
				CLANG_WARN_OBJC_LITERAL_CONVERSION = YES;
				CLANG_WARN_OBJC_ROOT_CLASS = YES_ERROR;
				CLANG_WARN_RANGE_LOOP_ANALYSIS = YES;
				CLANG_WARN_STRICT_PROTOTYPES = YES;
				CLANG_WARN_SUSPICIOUS_MOVE = YES;
				CLANG_WARN_UNGUARDED_AVAILABILITY = YES_AGGRESSIVE;
				CLANG_WARN_UNREACHABLE_CODE = YES;
				CLANG_WARN__DUPLICATE_METHOD_MATCH = YES;
				COPY_PHASE_STRIP = NO;
				DEBUG_INFORMATION_FORMAT = dwarf;
				ENABLE_STRICT_OBJC_MSGSEND = YES;
				ENABLE_TESTABILITY = YES;
				GCC_C_LANGUAGE_STANDARD = gnu11;
				GCC_DYNAMIC_NO_PIC = NO;
				GCC_NO_COMMON_BLOCKS = YES;
				GCC_OPTIMIZATION_LEVEL = 0;
				GCC_PREPROCESSOR_DEFINITIONS = (
					"DEBUG=1",
					"$(inherited)",
				);
				GCC_WARN_64_TO_32_BIT_CONVERSION = YES;
				GCC_WARN_ABOUT_RETURN_TYPE = YES_ERROR;
				GCC_WARN_UNDECLARED_SELECTOR = YES;
				GCC_WARN_UNINITIALIZED_AUTOS = YES_AGGRESSIVE;
				GCC_WARN_UNUSED_FUNCTION = YES;
				GCC_WARN_UNUSED_VARIABLE = YES;
				IPHONEOS_DEPLOYMENT_TARGET = 13.2;
				MTL_ENABLE_DEBUG_INFO = INCLUDE_SOURCE;
				MTL_FAST_MATH = YES;
				ONLY_ACTIVE_ARCH = YES;
				SDKROOT = iphoneos;
				SWIFT_ACTIVE_COMPILATION_CONDITIONS = DEBUG;
				SWIFT_OPTIMIZATION_LEVEL = "-Onone";
			};
			name = Debug;
		};
		6B445DFB2384B9E4005413EB /* Release */ = {
			isa = XCBuildConfiguration;
			buildSettings = {
				ALWAYS_SEARCH_USER_PATHS = NO;
				CLANG_ANALYZER_NONNULL = YES;
				CLANG_ANALYZER_NUMBER_OBJECT_CONVERSION = YES_AGGRESSIVE;
				CLANG_CXX_LANGUAGE_STANDARD = "gnu++14";
				CLANG_CXX_LIBRARY = "libc++";
				CLANG_ENABLE_MODULES = YES;
				CLANG_ENABLE_OBJC_ARC = YES;
				CLANG_ENABLE_OBJC_WEAK = YES;
				CLANG_WARN_BLOCK_CAPTURE_AUTORELEASING = YES;
				CLANG_WARN_BOOL_CONVERSION = YES;
				CLANG_WARN_COMMA = YES;
				CLANG_WARN_CONSTANT_CONVERSION = YES;
				CLANG_WARN_DEPRECATED_OBJC_IMPLEMENTATIONS = YES;
				CLANG_WARN_DIRECT_OBJC_ISA_USAGE = YES_ERROR;
				CLANG_WARN_DOCUMENTATION_COMMENTS = YES;
				CLANG_WARN_EMPTY_BODY = YES;
				CLANG_WARN_ENUM_CONVERSION = YES;
				CLANG_WARN_INFINITE_RECURSION = YES;
				CLANG_WARN_INT_CONVERSION = YES;
				CLANG_WARN_NON_LITERAL_NULL_CONVERSION = YES;
				CLANG_WARN_OBJC_IMPLICIT_RETAIN_SELF = YES;
				CLANG_WARN_OBJC_LITERAL_CONVERSION = YES;
				CLANG_WARN_OBJC_ROOT_CLASS = YES_ERROR;
				CLANG_WARN_RANGE_LOOP_ANALYSIS = YES;
				CLANG_WARN_STRICT_PROTOTYPES = YES;
				CLANG_WARN_SUSPICIOUS_MOVE = YES;
				CLANG_WARN_UNGUARDED_AVAILABILITY = YES_AGGRESSIVE;
				CLANG_WARN_UNREACHABLE_CODE = YES;
				CLANG_WARN__DUPLICATE_METHOD_MATCH = YES;
				COPY_PHASE_STRIP = NO;
				DEBUG_INFORMATION_FORMAT = "dwarf-with-dsym";
				ENABLE_NS_ASSERTIONS = NO;
				ENABLE_STRICT_OBJC_MSGSEND = YES;
				GCC_C_LANGUAGE_STANDARD = gnu11;
				GCC_NO_COMMON_BLOCKS = YES;
				GCC_WARN_64_TO_32_BIT_CONVERSION = YES;
				GCC_WARN_ABOUT_RETURN_TYPE = YES_ERROR;
				GCC_WARN_UNDECLARED_SELECTOR = YES;
				GCC_WARN_UNINITIALIZED_AUTOS = YES_AGGRESSIVE;
				GCC_WARN_UNUSED_FUNCTION = YES;
				GCC_WARN_UNUSED_VARIABLE = YES;
				IPHONEOS_DEPLOYMENT_TARGET = 13.2;
				MTL_ENABLE_DEBUG_INFO = NO;
				MTL_FAST_MATH = YES;
				SDKROOT = iphoneos;
				SWIFT_COMPILATION_MODE = wholemodule;
				SWIFT_OPTIMIZATION_LEVEL = "-O";
				VALIDATE_PRODUCT = YES;
			};
			name = Release;
		};
		6B445DFD2384B9E4005413EB /* Debug */ = {
			isa = XCBuildConfiguration;
			buildSettings = {
				ASSETCATALOG_COMPILER_APPICON_NAME = AppIcon;
				CODE_SIGN_STYLE = Automatic;
				DEVELOPMENT_TEAM = SY89799FGP;
				INFOPLIST_FILE = SpotifyAPITest/Info.plist;
				LD_RUNPATH_SEARCH_PATHS = (
					"$(inherited)",
					"@executable_path/Frameworks",
				);
				PRODUCT_BUNDLE_IDENTIFIER = Prymal.SpotifyAPITest;
				PRODUCT_NAME = "$(TARGET_NAME)";
				SWIFT_VERSION = 5.0;
				TARGETED_DEVICE_FAMILY = "1,2";
			};
			name = Debug;
		};
		6B445DFE2384B9E4005413EB /* Release */ = {
			isa = XCBuildConfiguration;
			buildSettings = {
				ASSETCATALOG_COMPILER_APPICON_NAME = AppIcon;
				CODE_SIGN_STYLE = Automatic;
				DEVELOPMENT_TEAM = SY89799FGP;
				INFOPLIST_FILE = SpotifyAPITest/Info.plist;
				LD_RUNPATH_SEARCH_PATHS = (
					"$(inherited)",
					"@executable_path/Frameworks",
				);
				PRODUCT_BUNDLE_IDENTIFIER = Prymal.SpotifyAPITest;
				PRODUCT_NAME = "$(TARGET_NAME)";
				SWIFT_VERSION = 5.0;
				TARGETED_DEVICE_FAMILY = "1,2";
			};
			name = Release;
		};
		6B445E002384B9E4005413EB /* Debug */ = {
			isa = XCBuildConfiguration;
			buildSettings = {
				ALWAYS_EMBED_SWIFT_STANDARD_LIBRARIES = YES;
				BUNDLE_LOADER = "$(TEST_HOST)";
				CODE_SIGN_STYLE = Automatic;
				INFOPLIST_FILE = SpotifyAPITestTests/Info.plist;
				IPHONEOS_DEPLOYMENT_TARGET = 13.2;
				LD_RUNPATH_SEARCH_PATHS = (
					"$(inherited)",
					"@executable_path/Frameworks",
					"@loader_path/Frameworks",
				);
				PRODUCT_BUNDLE_IDENTIFIER = Prymal.SpotifyAPITestTests;
				PRODUCT_NAME = "$(TARGET_NAME)";
				SWIFT_VERSION = 5.0;
				TARGETED_DEVICE_FAMILY = "1,2";
				TEST_HOST = "$(BUILT_PRODUCTS_DIR)/SpotifyAPITest.app/SpotifyAPITest";
			};
			name = Debug;
		};
		6B445E012384B9E4005413EB /* Release */ = {
			isa = XCBuildConfiguration;
			buildSettings = {
				ALWAYS_EMBED_SWIFT_STANDARD_LIBRARIES = YES;
				BUNDLE_LOADER = "$(TEST_HOST)";
				CODE_SIGN_STYLE = Automatic;
				INFOPLIST_FILE = SpotifyAPITestTests/Info.plist;
				IPHONEOS_DEPLOYMENT_TARGET = 13.2;
				LD_RUNPATH_SEARCH_PATHS = (
					"$(inherited)",
					"@executable_path/Frameworks",
					"@loader_path/Frameworks",
				);
				PRODUCT_BUNDLE_IDENTIFIER = Prymal.SpotifyAPITestTests;
				PRODUCT_NAME = "$(TARGET_NAME)";
				SWIFT_VERSION = 5.0;
				TARGETED_DEVICE_FAMILY = "1,2";
				TEST_HOST = "$(BUILT_PRODUCTS_DIR)/SpotifyAPITest.app/SpotifyAPITest";
			};
			name = Release;
		};
		6B445E032384B9E4005413EB /* Debug */ = {
			isa = XCBuildConfiguration;
			buildSettings = {
				ALWAYS_EMBED_SWIFT_STANDARD_LIBRARIES = YES;
				CODE_SIGN_STYLE = Automatic;
				INFOPLIST_FILE = SpotifyAPITestUITests/Info.plist;
				LD_RUNPATH_SEARCH_PATHS = (
					"$(inherited)",
					"@executable_path/Frameworks",
					"@loader_path/Frameworks",
				);
				PRODUCT_BUNDLE_IDENTIFIER = Prymal.SpotifyAPITestUITests;
				PRODUCT_NAME = "$(TARGET_NAME)";
				SWIFT_VERSION = 5.0;
				TARGETED_DEVICE_FAMILY = "1,2";
				TEST_TARGET_NAME = SpotifyAPITest;
			};
			name = Debug;
		};
		6B445E042384B9E4005413EB /* Release */ = {
			isa = XCBuildConfiguration;
			buildSettings = {
				ALWAYS_EMBED_SWIFT_STANDARD_LIBRARIES = YES;
				CODE_SIGN_STYLE = Automatic;
				INFOPLIST_FILE = SpotifyAPITestUITests/Info.plist;
				LD_RUNPATH_SEARCH_PATHS = (
					"$(inherited)",
					"@executable_path/Frameworks",
					"@loader_path/Frameworks",
				);
				PRODUCT_BUNDLE_IDENTIFIER = Prymal.SpotifyAPITestUITests;
				PRODUCT_NAME = "$(TARGET_NAME)";
				SWIFT_VERSION = 5.0;
				TARGETED_DEVICE_FAMILY = "1,2";
				TEST_TARGET_NAME = SpotifyAPITest;
			};
			name = Release;
		};
/* End XCBuildConfiguration section */

/* Begin XCConfigurationList section */
		6B445DCD2384B9E3005413EB /* Build configuration list for PBXProject "SpotifyAPITest" */ = {
			isa = XCConfigurationList;
			buildConfigurations = (
				6B445DFA2384B9E4005413EB /* Debug */,
				6B445DFB2384B9E4005413EB /* Release */,
			);
			defaultConfigurationIsVisible = 0;
			defaultConfigurationName = Release;
		};
		6B445DFC2384B9E4005413EB /* Build configuration list for PBXNativeTarget "SpotifyAPITest" */ = {
			isa = XCConfigurationList;
			buildConfigurations = (
				6B445DFD2384B9E4005413EB /* Debug */,
				6B445DFE2384B9E4005413EB /* Release */,
			);
			defaultConfigurationIsVisible = 0;
			defaultConfigurationName = Release;
		};
		6B445DFF2384B9E4005413EB /* Build configuration list for PBXNativeTarget "SpotifyAPITestTests" */ = {
			isa = XCConfigurationList;
			buildConfigurations = (
				6B445E002384B9E4005413EB /* Debug */,
				6B445E012384B9E4005413EB /* Release */,
			);
			defaultConfigurationIsVisible = 0;
			defaultConfigurationName = Release;
		};
		6B445E022384B9E4005413EB /* Build configuration list for PBXNativeTarget "SpotifyAPITestUITests" */ = {
			isa = XCConfigurationList;
			buildConfigurations = (
				6B445E032384B9E4005413EB /* Debug */,
				6B445E042384B9E4005413EB /* Release */,
			);
			defaultConfigurationIsVisible = 0;
			defaultConfigurationName = Release;
		};
/* End XCConfigurationList section */
	};
	rootObject = 6B445DCA2384B9E3005413EB /* Project object */;
}
